// !$*UTF8*$!
{
	archiveVersion = 1;
	classes = {
	};
	objectVersion = 52;
	objects = {

/* Begin PBXBuildFile section */
		1713E3F725227DA300EB8E01 /* a11y-adapt.css in CopyFiles */ = {isa = PBXBuildFile; fileRef = 1713E3F625227DA300EB8E01 /* a11y-adapt.css */; };
		1713E3F825227DA300EB8E01 /* a11y-adapt.css in CopyFiles */ = {isa = PBXBuildFile; fileRef = 1713E3F625227DA300EB8E01 /* a11y-adapt.css */; };
		1717F0A5251D3FDD00F3DD8D /* cmark-gfm in Frameworks */ = {isa = PBXBuildFile; productRef = 1717F0A4251D3FDD00F3DD8D /* cmark-gfm */; };
		1717F0A7251D3FE300F3DD8D /* cmark-gfm in Frameworks */ = {isa = PBXBuildFile; productRef = 1717F0A6251D3FE300F3DD8D /* cmark-gfm */; };
		173D79CA2503912400A15BFC /* MarkdownApp.swift in Sources */ = {isa = PBXBuildFile; fileRef = 173D79B62503912100A15BFC /* MarkdownApp.swift */; };
		173D79CB2503912400A15BFC /* MarkdownApp.swift in Sources */ = {isa = PBXBuildFile; fileRef = 173D79B62503912100A15BFC /* MarkdownApp.swift */; };
		173D79CC2503912400A15BFC /* MarkdownDocument.swift in Sources */ = {isa = PBXBuildFile; fileRef = 173D79B72503912100A15BFC /* MarkdownDocument.swift */; };
		173D79CD2503912400A15BFC /* MarkdownDocument.swift in Sources */ = {isa = PBXBuildFile; fileRef = 173D79B72503912100A15BFC /* MarkdownDocument.swift */; };
		173D79CE2503912400A15BFC /* ContentView.swift in Sources */ = {isa = PBXBuildFile; fileRef = 173D79B82503912100A15BFC /* ContentView.swift */; };
		173D79CF2503912400A15BFC /* ContentView.swift in Sources */ = {isa = PBXBuildFile; fileRef = 173D79B82503912100A15BFC /* ContentView.swift */; };
		173D79D02503912400A15BFC /* Assets.xcassets in Resources */ = {isa = PBXBuildFile; fileRef = 173D79B92503912300A15BFC /* Assets.xcassets */; };
		173D79D12503912400A15BFC /* Assets.xcassets in Resources */ = {isa = PBXBuildFile; fileRef = 173D79B92503912300A15BFC /* Assets.xcassets */; };
		1748B865252212E900A6DA2F /* highlight.pack.js in CopyFiles */ = {isa = PBXBuildFile; fileRef = 1748B864252212E900A6DA2F /* highlight.pack.js */; };
		1748B866252212E900A6DA2F /* highlight.pack.js in CopyFiles */ = {isa = PBXBuildFile; fileRef = 1748B864252212E900A6DA2F /* highlight.pack.js */; };
		1798D4EE2504E8D10070FD60 /* styles.css in Resources */ = {isa = PBXBuildFile; fileRef = 1798D4ED2504E8D10070FD60 /* styles.css */; };
		1798D4EF2504E8D10070FD60 /* styles.css in Resources */ = {isa = PBXBuildFile; fileRef = 1798D4ED2504E8D10070FD60 /* styles.css */; };
		1798D4F12504EEBD0070FD60 /* test.md in Resources */ = {isa = PBXBuildFile; fileRef = 1798D4F02504EEBD0070FD60 /* test.md */; };
		1798D4F22504EEBD0070FD60 /* test.md in Resources */ = {isa = PBXBuildFile; fileRef = 1798D4F02504EEBD0070FD60 /* test.md */; };
		1798D4F42504EFB60070FD60 /* index.html in Resources */ = {isa = PBXBuildFile; fileRef = 1798D4F32504EFB50070FD60 /* index.html */; };
		1798D4F52504EFB60070FD60 /* index.html in Resources */ = {isa = PBXBuildFile; fileRef = 1798D4F32504EFB50070FD60 /* index.html */; };
		1798D4F725053B4A0070FD60 /* MarkdownView.swift in Sources */ = {isa = PBXBuildFile; fileRef = 1798D4F625053B4A0070FD60 /* MarkdownView.swift */; };
		1798D4F825053B4A0070FD60 /* MarkdownView.swift in Sources */ = {isa = PBXBuildFile; fileRef = 1798D4F625053B4A0070FD60 /* MarkdownView.swift */; };
		1798D4FA25053BAD0070FD60 /* WebView.swift in Sources */ = {isa = PBXBuildFile; fileRef = 1798D4F925053BAD0070FD60 /* WebView.swift */; };
		1798D4FB25053BAD0070FD60 /* WebView.swift in Sources */ = {isa = PBXBuildFile; fileRef = 1798D4F925053BAD0070FD60 /* WebView.swift */; };
/* End PBXBuildFile section */

/* Begin PBXCopyFilesBuildPhase section */
		1713E3FD25228C1400EB8E01 /* CopyFiles */ = {
			isa = PBXCopyFilesBuildPhase;
			buildActionMask = 2147483647;
			dstPath = highlightjs;
			dstSubfolderSpec = 7;
			files = (
				1748B866252212E900A6DA2F /* highlight.pack.js in CopyFiles */,
				1713E3F825227DA300EB8E01 /* a11y-adapt.css in CopyFiles */,
			);
			runOnlyForDeploymentPostprocessing = 0;
		};
		173D79FB2503C9F700A15BFC /* Embed Frameworks */ = {
			isa = PBXCopyFilesBuildPhase;
			buildActionMask = 2147483647;
			dstPath = "";
			dstSubfolderSpec = 10;
			files = (
			);
			name = "Embed Frameworks";
			runOnlyForDeploymentPostprocessing = 0;
		};
		1748B86B2522134300A6DA2F /* CopyFiles */ = {
			isa = PBXCopyFilesBuildPhase;
			buildActionMask = 2147483647;
			dstPath = highlightjs;
			dstSubfolderSpec = 7;
			files = (
				1748B865252212E900A6DA2F /* highlight.pack.js in CopyFiles */,
				1713E3F725227DA300EB8E01 /* a11y-adapt.css in CopyFiles */,
			);
			runOnlyForDeploymentPostprocessing = 0;
		};
/* End PBXCopyFilesBuildPhase section */

/* Begin PBXFileReference section */
		1713E3F625227DA300EB8E01 /* a11y-adapt.css */ = {isa = PBXFileReference; fileEncoding = 4; lastKnownFileType = text.css; path = "a11y-adapt.css"; sourceTree = "<group>"; };
		1717F0A1251D3FAD00F3DD8D /* swift-cmark-gfm */ = {isa = PBXFileReference; lastKnownFileType = folder; name = "swift-cmark-gfm"; path = "../swift-cmark-gfm"; sourceTree = "<group>"; };
		173D79B62503912100A15BFC /* MarkdownApp.swift */ = {isa = PBXFileReference; lastKnownFileType = sourcecode.swift; path = MarkdownApp.swift; sourceTree = "<group>"; };
		173D79B72503912100A15BFC /* MarkdownDocument.swift */ = {isa = PBXFileReference; lastKnownFileType = sourcecode.swift; path = MarkdownDocument.swift; sourceTree = "<group>"; };
		173D79B82503912100A15BFC /* ContentView.swift */ = {isa = PBXFileReference; lastKnownFileType = sourcecode.swift; path = ContentView.swift; sourceTree = "<group>"; };
		173D79B92503912300A15BFC /* Assets.xcassets */ = {isa = PBXFileReference; lastKnownFileType = folder.assetcatalog; path = Assets.xcassets; sourceTree = "<group>"; };
		173D79BE2503912400A15BFC /* Markdown.app */ = {isa = PBXFileReference; explicitFileType = wrapper.application; includeInIndex = 0; path = Markdown.app; sourceTree = BUILT_PRODUCTS_DIR; };
		173D79C12503912400A15BFC /* Info.plist */ = {isa = PBXFileReference; lastKnownFileType = text.plist.xml; path = Info.plist; sourceTree = "<group>"; };
		173D79C62503912400A15BFC /* Markdown.app */ = {isa = PBXFileReference; explicitFileType = wrapper.application; includeInIndex = 0; path = Markdown.app; sourceTree = BUILT_PRODUCTS_DIR; };
		173D79C82503912400A15BFC /* Info.plist */ = {isa = PBXFileReference; lastKnownFileType = text.plist.xml; path = Info.plist; sourceTree = "<group>"; };
		173D79C92503912400A15BFC /* macOS.entitlements */ = {isa = PBXFileReference; lastKnownFileType = text.plist.entitlements; path = macOS.entitlements; sourceTree = "<group>"; };
		1748B864252212E900A6DA2F /* highlight.pack.js */ = {isa = PBXFileReference; fileEncoding = 4; lastKnownFileType = sourcecode.javascript; path = highlight.pack.js; sourceTree = "<group>"; };
		1798D4ED2504E8D10070FD60 /* styles.css */ = {isa = PBXFileReference; fileEncoding = 4; lastKnownFileType = text.css; path = styles.css; sourceTree = "<group>"; };
		1798D4F02504EEBD0070FD60 /* test.md */ = {isa = PBXFileReference; fileEncoding = 4; lastKnownFileType = net.daringfireball.markdown; path = test.md; sourceTree = "<group>"; };
		1798D4F32504EFB50070FD60 /* index.html */ = {isa = PBXFileReference; fileEncoding = 4; lastKnownFileType = text.html; path = index.html; sourceTree = "<group>"; };
		1798D4F625053B4A0070FD60 /* MarkdownView.swift */ = {isa = PBXFileReference; lastKnownFileType = sourcecode.swift; path = MarkdownView.swift; sourceTree = "<group>"; };
		1798D4F925053BAD0070FD60 /* WebView.swift */ = {isa = PBXFileReference; lastKnownFileType = sourcecode.swift; path = WebView.swift; sourceTree = "<group>"; };
/* End PBXFileReference section */

/* Begin PBXFrameworksBuildPhase section */
		173D79BB2503912300A15BFC /* Frameworks */ = {
			isa = PBXFrameworksBuildPhase;
			buildActionMask = 2147483647;
			files = (
				1717F0A5251D3FDD00F3DD8D /* cmark-gfm in Frameworks */,
			);
			runOnlyForDeploymentPostprocessing = 0;
		};
		173D79C32503912400A15BFC /* Frameworks */ = {
			isa = PBXFrameworksBuildPhase;
			buildActionMask = 2147483647;
			files = (
				1717F0A7251D3FE300F3DD8D /* cmark-gfm in Frameworks */,
			);
			runOnlyForDeploymentPostprocessing = 0;
		};
/* End PBXFrameworksBuildPhase section */

/* Begin PBXGroup section */
		173D79B02503912000A15BFC = {
			isa = PBXGroup;
			children = (
				173D79B52503912100A15BFC /* Shared */,
				173D79C02503912400A15BFC /* iOS */,
				173D79C72503912400A15BFC /* macOS */,
				173D79BF2503912400A15BFC /* Products */,
				1798D50725054CFA0070FD60 /* Frameworks */,
			);
			sourceTree = "<group>";
		};
		173D79B52503912100A15BFC /* Shared */ = {
			isa = PBXGroup;
			children = (
				173D79B62503912100A15BFC /* MarkdownApp.swift */,
				173D79B72503912100A15BFC /* MarkdownDocument.swift */,
				173D79B82503912100A15BFC /* ContentView.swift */,
				1798D4F625053B4A0070FD60 /* MarkdownView.swift */,
				1798D4F925053BAD0070FD60 /* WebView.swift */,
				173D79B92503912300A15BFC /* Assets.xcassets */,
				1798D4F32504EFB50070FD60 /* index.html */,
				1798D4ED2504E8D10070FD60 /* styles.css */,
				1798D4F02504EEBD0070FD60 /* test.md */,
				1748B868252212F100A6DA2F /* highlightjs */,
			);
			path = Shared;
			sourceTree = "<group>";
		};
		173D79BF2503912400A15BFC /* Products */ = {
			isa = PBXGroup;
			children = (
				173D79BE2503912400A15BFC /* Markdown.app */,
				173D79C62503912400A15BFC /* Markdown.app */,
			);
			name = Products;
			sourceTree = "<group>";
		};
		173D79C02503912400A15BFC /* iOS */ = {
			isa = PBXGroup;
			children = (
				173D79C12503912400A15BFC /* Info.plist */,
			);
			path = iOS;
			sourceTree = "<group>";
		};
		173D79C72503912400A15BFC /* macOS */ = {
			isa = PBXGroup;
			children = (
				173D79C82503912400A15BFC /* Info.plist */,
				173D79C92503912400A15BFC /* macOS.entitlements */,
			);
			path = macOS;
			sourceTree = "<group>";
		};
		1748B868252212F100A6DA2F /* highlightjs */ = {
			isa = PBXGroup;
			children = (
				1748B864252212E900A6DA2F /* highlight.pack.js */,
				1713E3F625227DA300EB8E01 /* a11y-adapt.css */,
			);
			path = highlightjs;
			sourceTree = "<group>";
		};
		1798D50725054CFA0070FD60 /* Frameworks */ = {
			isa = PBXGroup;
			children = (
				1717F0A1251D3FAD00F3DD8D /* swift-cmark-gfm */,
			);
			name = Frameworks;
			sourceTree = "<group>";
		};
/* End PBXGroup section */

/* Begin PBXNativeTarget section */
		173D79BD2503912300A15BFC /* Markdown (iOS) */ = {
			isa = PBXNativeTarget;
			buildConfigurationList = 173D79D42503912400A15BFC /* Build configuration list for PBXNativeTarget "Markdown (iOS)" */;
			buildPhases = (
				173D79BA2503912300A15BFC /* Sources */,
				173D79BB2503912300A15BFC /* Frameworks */,
				173D79BC2503912300A15BFC /* Resources */,
				173D79FB2503C9F700A15BFC /* Embed Frameworks */,
				1748B86B2522134300A6DA2F /* CopyFiles */,
			);
			buildRules = (
			);
			dependencies = (
			);
			name = "Markdown (iOS)";
			packageProductDependencies = (
				1717F0A4251D3FDD00F3DD8D /* cmark-gfm */,
			);
			productName = "MarkDown (iOS)";
			productReference = 173D79BE2503912400A15BFC /* Markdown.app */;
			productType = "com.apple.product-type.application";
		};
		173D79C52503912400A15BFC /* Markdown (macOS) */ = {
			isa = PBXNativeTarget;
			buildConfigurationList = 173D79D72503912400A15BFC /* Build configuration list for PBXNativeTarget "Markdown (macOS)" */;
			buildPhases = (
				173D79C22503912400A15BFC /* Sources */,
				173D79C32503912400A15BFC /* Frameworks */,
				173D79C42503912400A15BFC /* Resources */,
				1713E3FD25228C1400EB8E01 /* CopyFiles */,
			);
			buildRules = (
			);
			dependencies = (
			);
			name = "Markdown (macOS)";
			packageProductDependencies = (
				1717F0A6251D3FE300F3DD8D /* cmark-gfm */,
			);
			productName = "MarkDown (macOS)";
			productReference = 173D79C62503912400A15BFC /* Markdown.app */;
			productType = "com.apple.product-type.application";
		};
/* End PBXNativeTarget section */

/* Begin PBXProject section */
		173D79B12503912000A15BFC /* Project object */ = {
			isa = PBXProject;
			attributes = {
				LastSwiftUpdateCheck = 1200;
				LastUpgradeCheck = 1200;
				ORGANIZATIONNAME = "";
				TargetAttributes = {
					173D79BD2503912300A15BFC = {
						CreatedOnToolsVersion = 12.0;
					};
					173D79C52503912400A15BFC = {
						CreatedOnToolsVersion = 12.0;
					};
				};
			};
			buildConfigurationList = 173D79B42503912000A15BFC /* Build configuration list for PBXProject "Markdown" */;
			compatibilityVersion = "Xcode 9.3";
			developmentRegion = en;
			hasScannedForEncodings = 0;
			knownRegions = (
				en,
				Base,
			);
			mainGroup = 173D79B02503912000A15BFC;
			packageReferences = (
			);
			productRefGroup = 173D79BF2503912400A15BFC /* Products */;
			projectDirPath = "";
			projectRoot = "";
			targets = (
				173D79BD2503912300A15BFC /* Markdown (iOS) */,
				173D79C52503912400A15BFC /* Markdown (macOS) */,
			);
		};
/* End PBXProject section */

/* Begin PBXResourcesBuildPhase section */
		173D79BC2503912300A15BFC /* Resources */ = {
			isa = PBXResourcesBuildPhase;
			buildActionMask = 2147483647;
			files = (
				1798D4F42504EFB60070FD60 /* index.html in Resources */,
				1798D4F12504EEBD0070FD60 /* test.md in Resources */,
				173D79D02503912400A15BFC /* Assets.xcassets in Resources */,
				1798D4EE2504E8D10070FD60 /* styles.css in Resources */,
			);
			runOnlyForDeploymentPostprocessing = 0;
		};
		173D79C42503912400A15BFC /* Resources */ = {
			isa = PBXResourcesBuildPhase;
			buildActionMask = 2147483647;
			files = (
				1798D4F52504EFB60070FD60 /* index.html in Resources */,
				1798D4F22504EEBD0070FD60 /* test.md in Resources */,
				173D79D12503912400A15BFC /* Assets.xcassets in Resources */,
				1798D4EF2504E8D10070FD60 /* styles.css in Resources */,
			);
			runOnlyForDeploymentPostprocessing = 0;
		};
/* End PBXResourcesBuildPhase section */

/* Begin PBXSourcesBuildPhase section */
		173D79BA2503912300A15BFC /* Sources */ = {
			isa = PBXSourcesBuildPhase;
			buildActionMask = 2147483647;
			files = (
				173D79CA2503912400A15BFC /* MarkdownApp.swift in Sources */,
				1798D4FA25053BAD0070FD60 /* WebView.swift in Sources */,
				173D79CC2503912400A15BFC /* MarkdownDocument.swift in Sources */,
				173D79CE2503912400A15BFC /* ContentView.swift in Sources */,
				1798D4F725053B4A0070FD60 /* MarkdownView.swift in Sources */,
			);
			runOnlyForDeploymentPostprocessing = 0;
		};
		173D79C22503912400A15BFC /* Sources */ = {
			isa = PBXSourcesBuildPhase;
			buildActionMask = 2147483647;
			files = (
				173D79CB2503912400A15BFC /* MarkdownApp.swift in Sources */,
				1798D4FB25053BAD0070FD60 /* WebView.swift in Sources */,
				173D79CD2503912400A15BFC /* MarkdownDocument.swift in Sources */,
				173D79CF2503912400A15BFC /* ContentView.swift in Sources */,
				1798D4F825053B4A0070FD60 /* MarkdownView.swift in Sources */,
			);
			runOnlyForDeploymentPostprocessing = 0;
		};
/* End PBXSourcesBuildPhase section */

/* Begin XCBuildConfiguration section */
		173D79D22503912400A15BFC /* Debug */ = {
			isa = XCBuildConfiguration;
			buildSettings = {
				ALWAYS_SEARCH_USER_PATHS = NO;
				CLANG_ANALYZER_NONNULL = YES;
				CLANG_ANALYZER_NUMBER_OBJECT_CONVERSION = YES_AGGRESSIVE;
				CLANG_CXX_LANGUAGE_STANDARD = "gnu++14";
				CLANG_CXX_LIBRARY = "libc++";
				CLANG_ENABLE_MODULES = YES;
				CLANG_ENABLE_OBJC_ARC = YES;
				CLANG_ENABLE_OBJC_WEAK = YES;
				CLANG_WARN_BLOCK_CAPTURE_AUTORELEASING = YES;
				CLANG_WARN_BOOL_CONVERSION = YES;
				CLANG_WARN_COMMA = YES;
				CLANG_WARN_CONSTANT_CONVERSION = YES;
				CLANG_WARN_DEPRECATED_OBJC_IMPLEMENTATIONS = YES;
				CLANG_WARN_DIRECT_OBJC_ISA_USAGE = YES_ERROR;
				CLANG_WARN_DOCUMENTATION_COMMENTS = YES;
				CLANG_WARN_EMPTY_BODY = YES;
				CLANG_WARN_ENUM_CONVERSION = YES;
				CLANG_WARN_INFINITE_RECURSION = YES;
				CLANG_WARN_INT_CONVERSION = YES;
				CLANG_WARN_NON_LITERAL_NULL_CONVERSION = YES;
				CLANG_WARN_OBJC_IMPLICIT_RETAIN_SELF = YES;
				CLANG_WARN_OBJC_LITERAL_CONVERSION = YES;
				CLANG_WARN_OBJC_ROOT_CLASS = YES_ERROR;
				CLANG_WARN_QUOTED_INCLUDE_IN_FRAMEWORK_HEADER = YES;
				CLANG_WARN_RANGE_LOOP_ANALYSIS = YES;
				CLANG_WARN_STRICT_PROTOTYPES = YES;
				CLANG_WARN_SUSPICIOUS_MOVE = YES;
				CLANG_WARN_UNGUARDED_AVAILABILITY = YES_AGGRESSIVE;
				CLANG_WARN_UNREACHABLE_CODE = YES;
				CLANG_WARN__DUPLICATE_METHOD_MATCH = YES;
				"CODE_SIGN_IDENTITY[sdk=macosx*]" = "-";
				COPY_PHASE_STRIP = NO;
				DEBUG_INFORMATION_FORMAT = dwarf;
				ENABLE_STRICT_OBJC_MSGSEND = YES;
				ENABLE_TESTABILITY = YES;
				GCC_C_LANGUAGE_STANDARD = gnu11;
				GCC_DYNAMIC_NO_PIC = NO;
				GCC_NO_COMMON_BLOCKS = YES;
				GCC_OPTIMIZATION_LEVEL = 0;
				GCC_PREPROCESSOR_DEFINITIONS = (
					"DEBUG=1",
					"$(inherited)",
				);
				GCC_WARN_64_TO_32_BIT_CONVERSION = YES;
				GCC_WARN_ABOUT_RETURN_TYPE = YES_ERROR;
				GCC_WARN_UNDECLARED_SELECTOR = YES;
				GCC_WARN_UNINITIALIZED_AUTOS = YES_AGGRESSIVE;
				GCC_WARN_UNUSED_FUNCTION = YES;
				GCC_WARN_UNUSED_VARIABLE = YES;
				MTL_ENABLE_DEBUG_INFO = INCLUDE_SOURCE;
				MTL_FAST_MATH = YES;
				ONLY_ACTIVE_ARCH = YES;
				SWIFT_ACTIVE_COMPILATION_CONDITIONS = DEBUG;
				SWIFT_OPTIMIZATION_LEVEL = "-Onone";
			};
			name = Debug;
		};
		173D79D32503912400A15BFC /* Release */ = {
			isa = XCBuildConfiguration;
			buildSettings = {
				ALWAYS_SEARCH_USER_PATHS = NO;
				CLANG_ANALYZER_NONNULL = YES;
				CLANG_ANALYZER_NUMBER_OBJECT_CONVERSION = YES_AGGRESSIVE;
				CLANG_CXX_LANGUAGE_STANDARD = "gnu++14";
				CLANG_CXX_LIBRARY = "libc++";
				CLANG_ENABLE_MODULES = YES;
				CLANG_ENABLE_OBJC_ARC = YES;
				CLANG_ENABLE_OBJC_WEAK = YES;
				CLANG_WARN_BLOCK_CAPTURE_AUTORELEASING = YES;
				CLANG_WARN_BOOL_CONVERSION = YES;
				CLANG_WARN_COMMA = YES;
				CLANG_WARN_CONSTANT_CONVERSION = YES;
				CLANG_WARN_DEPRECATED_OBJC_IMPLEMENTATIONS = YES;
				CLANG_WARN_DIRECT_OBJC_ISA_USAGE = YES_ERROR;
				CLANG_WARN_DOCUMENTATION_COMMENTS = YES;
				CLANG_WARN_EMPTY_BODY = YES;
				CLANG_WARN_ENUM_CONVERSION = YES;
				CLANG_WARN_INFINITE_RECURSION = YES;
				CLANG_WARN_INT_CONVERSION = YES;
				CLANG_WARN_NON_LITERAL_NULL_CONVERSION = YES;
				CLANG_WARN_OBJC_IMPLICIT_RETAIN_SELF = YES;
				CLANG_WARN_OBJC_LITERAL_CONVERSION = YES;
				CLANG_WARN_OBJC_ROOT_CLASS = YES_ERROR;
				CLANG_WARN_QUOTED_INCLUDE_IN_FRAMEWORK_HEADER = YES;
				CLANG_WARN_RANGE_LOOP_ANALYSIS = YES;
				CLANG_WARN_STRICT_PROTOTYPES = YES;
				CLANG_WARN_SUSPICIOUS_MOVE = YES;
				CLANG_WARN_UNGUARDED_AVAILABILITY = YES_AGGRESSIVE;
				CLANG_WARN_UNREACHABLE_CODE = YES;
				CLANG_WARN__DUPLICATE_METHOD_MATCH = YES;
				"CODE_SIGN_IDENTITY[sdk=macosx*]" = "-";
				COPY_PHASE_STRIP = NO;
				DEBUG_INFORMATION_FORMAT = "dwarf-with-dsym";
				ENABLE_NS_ASSERTIONS = NO;
				ENABLE_STRICT_OBJC_MSGSEND = YES;
				GCC_C_LANGUAGE_STANDARD = gnu11;
				GCC_NO_COMMON_BLOCKS = YES;
				GCC_WARN_64_TO_32_BIT_CONVERSION = YES;
				GCC_WARN_ABOUT_RETURN_TYPE = YES_ERROR;
				GCC_WARN_UNDECLARED_SELECTOR = YES;
				GCC_WARN_UNINITIALIZED_AUTOS = YES_AGGRESSIVE;
				GCC_WARN_UNUSED_FUNCTION = YES;
				GCC_WARN_UNUSED_VARIABLE = YES;
				MTL_ENABLE_DEBUG_INFO = NO;
				MTL_FAST_MATH = YES;
				SWIFT_COMPILATION_MODE = wholemodule;
				SWIFT_OPTIMIZATION_LEVEL = "-O";
			};
			name = Release;
		};
		173D79D52503912400A15BFC /* Debug */ = {
			isa = XCBuildConfiguration;
			buildSettings = {
				ASSETCATALOG_COMPILER_APPICON_NAME = AppIcon;
				ASSETCATALOG_COMPILER_GLOBAL_ACCENT_COLOR_NAME = AccentColor;
				"CODE_SIGN_IDENTITY[sdk=macosx*]" = "Apple Development";
				CODE_SIGN_STYLE = Automatic;
				DEVELOPMENT_TEAM = P8CC95REUG;
				ENABLE_PREVIEWS = YES;
				INFOPLIST_FILE = iOS/Info.plist;
				IPHONEOS_DEPLOYMENT_TARGET = 14.0;
				LD_RUNPATH_SEARCH_PATHS = (
					"$(inherited)",
					"@executable_path/Frameworks",
				);
				PRODUCT_BUNDLE_IDENTIFIER = com.yourcompany.Markdown;
				PRODUCT_NAME = Markdown;
				SDKROOT = iphoneos;
				SUPPORTS_MACCATALYST = NO;
				SWIFT_VERSION = 5.0;
				TARGETED_DEVICE_FAMILY = "1,2";
			};
			name = Debug;
		};
		173D79D62503912400A15BFC /* Release */ = {
			isa = XCBuildConfiguration;
			buildSettings = {
				ASSETCATALOG_COMPILER_APPICON_NAME = AppIcon;
				ASSETCATALOG_COMPILER_GLOBAL_ACCENT_COLOR_NAME = AccentColor;
				"CODE_SIGN_IDENTITY[sdk=macosx*]" = "Apple Development";
				CODE_SIGN_STYLE = Automatic;
				DEVELOPMENT_TEAM = P8CC95REUG;
				ENABLE_PREVIEWS = YES;
				INFOPLIST_FILE = iOS/Info.plist;
				IPHONEOS_DEPLOYMENT_TARGET = 14.0;
				LD_RUNPATH_SEARCH_PATHS = (
					"$(inherited)",
					"@executable_path/Frameworks",
				);
				PRODUCT_BUNDLE_IDENTIFIER = com.yourcompany.Markdown;
				PRODUCT_NAME = Markdown;
				SDKROOT = iphoneos;
				SUPPORTS_MACCATALYST = NO;
				SWIFT_VERSION = 5.0;
				TARGETED_DEVICE_FAMILY = "1,2";
				VALIDATE_PRODUCT = YES;
			};
			name = Release;
		};
		173D79D82503912400A15BFC /* Debug */ = {
			isa = XCBuildConfiguration;
			buildSettings = {
				ASSETCATALOG_COMPILER_APPICON_NAME = AppIcon;
				ASSETCATALOG_COMPILER_GLOBAL_ACCENT_COLOR_NAME = AccentColor;
				CODE_SIGN_ENTITLEMENTS = macOS/macOS.entitlements;
				CODE_SIGN_STYLE = Automatic;
				COMBINE_HIDPI_IMAGES = YES;
				DEVELOPMENT_TEAM = P8CC95REUG;
				ENABLE_HARDENED_RUNTIME = YES;
				ENABLE_PREVIEWS = YES;
				INFOPLIST_FILE = macOS/Info.plist;
				LD_RUNPATH_SEARCH_PATHS = (
					"$(inherited)",
					"@executable_path/../Frameworks",
				);
				MACOSX_DEPLOYMENT_TARGET = 11.0;
				PRODUCT_BUNDLE_IDENTIFIER = com.yourcompany.Markdown;
				PRODUCT_NAME = Markdown;
				SDKROOT = macosx;
				SWIFT_VERSION = 5.0;
			};
			name = Debug;
		};
		173D79D92503912400A15BFC /* Release */ = {
			isa = XCBuildConfiguration;
			buildSettings = {
				ASSETCATALOG_COMPILER_APPICON_NAME = AppIcon;
				ASSETCATALOG_COMPILER_GLOBAL_ACCENT_COLOR_NAME = AccentColor;
				CODE_SIGN_ENTITLEMENTS = macOS/macOS.entitlements;
				CODE_SIGN_STYLE = Automatic;
				COMBINE_HIDPI_IMAGES = YES;
				DEVELOPMENT_TEAM = P8CC95REUG;
				ENABLE_HARDENED_RUNTIME = YES;
				ENABLE_PREVIEWS = YES;
				INFOPLIST_FILE = macOS/Info.plist;
				LD_RUNPATH_SEARCH_PATHS = (
					"$(inherited)",
					"@executable_path/../Frameworks",
				);
				MACOSX_DEPLOYMENT_TARGET = 11.0;
				PRODUCT_BUNDLE_IDENTIFIER = com.yourcompany.Markdown;
				PRODUCT_NAME = Markdown;
				SDKROOT = macosx;
				SWIFT_VERSION = 5.0;
			};
			name = Release;
		};
/* End XCBuildConfiguration section */

/* Begin XCConfigurationList section */
		173D79B42503912000A15BFC /* Build configuration list for PBXProject "Markdown" */ = {
			isa = XCConfigurationList;
			buildConfigurations = (
				173D79D22503912400A15BFC /* Debug */,
				173D79D32503912400A15BFC /* Release */,
			);
			defaultConfigurationIsVisible = 0;
			defaultConfigurationName = Release;
		};
		173D79D42503912400A15BFC /* Build configuration list for PBXNativeTarget "Markdown (iOS)" */ = {
			isa = XCConfigurationList;
			buildConfigurations = (
				173D79D52503912400A15BFC /* Debug */,
				173D79D62503912400A15BFC /* Release */,
			);
			defaultConfigurationIsVisible = 0;
			defaultConfigurationName = Release;
		};
		173D79D72503912400A15BFC /* Build configuration list for PBXNativeTarget "Markdown (macOS)" */ = {
			isa = XCConfigurationList;
			buildConfigurations = (
				173D79D82503912400A15BFC /* Debug */,
				173D79D92503912400A15BFC /* Release */,
			);
			defaultConfigurationIsVisible = 0;
			defaultConfigurationName = Release;
		};
/* End XCConfigurationList section */

/* Begin XCSwiftPackageProductDependency section */
		1717F0A4251D3FDD00F3DD8D /* cmark-gfm */ = {
			isa = XCSwiftPackageProductDependency;
			productName = "cmark-gfm";
		};
		1717F0A6251D3FE300F3DD8D /* cmark-gfm */ = {
			isa = XCSwiftPackageProductDependency;
			productName = "cmark-gfm";
		};
/* End XCSwiftPackageProductDependency section */
	};
	rootObject = 173D79B12503912000A15BFC /* Project object */;
}
