{
  "object": {
    "pins": [
      {
        "package": "Hoedown",
        "repositoryURL": "/Users/philipp/Desktop/AppZeug/SwiftHoedown",
        "state": {
          "branch": null,
          "revision": "e6cf9309a9158e60b1dd3d8e9464e244e953fd98",
          "version": "0.1.6"
        }
      }
    ]
  },
  "version": 1
}
